// !$*UTF8*$!
{
	archiveVersion = 1;
	classes = {
	};
	objectVersion = 46;
	objects = {

/* Begin PBXBuildFile section */
		9E9DEF411637F5600062064E /* AddCityController.m in Sources */ = {isa = PBXBuildFile; fileRef = 9E9DEF3F1637F5600062064E /* AddCityController.m */; };
		9E9DEF421637F5600062064E /* AddCityController.xib in Resources */ = {isa = PBXBuildFile; fileRef = 9E9DEF401637F5600062064E /* AddCityController.xib */; };
		9EF84E461635515200EF797A /* UIKit.framework in Frameworks */ = {isa = PBXBuildFile; fileRef = 9EF84E451635515200EF797A /* UIKit.framework */; };
		9EF84E481635515200EF797A /* Foundation.framework in Frameworks */ = {isa = PBXBuildFile; fileRef = 9EF84E471635515200EF797A /* Foundation.framework */; };
		9EF84E4A1635515200EF797A /* CoreGraphics.framework in Frameworks */ = {isa = PBXBuildFile; fileRef = 9EF84E491635515200EF797A /* CoreGraphics.framework */; };
		9EF84E501635515200EF797A /* InfoPlist.strings in Resources */ = {isa = PBXBuildFile; fileRef = 9EF84E4E1635515200EF797A /* InfoPlist.strings */; };
		9EF84E521635515200EF797A /* main.m in Sources */ = {isa = PBXBuildFile; fileRef = 9EF84E511635515200EF797A /* main.m */; };
		9EF84E561635515200EF797A /* CGAppDelegate.m in Sources */ = {isa = PBXBuildFile; fileRef = 9EF84E551635515200EF797A /* CGAppDelegate.m */; };
		9EF84E581635515200EF797A /* Default.png in Resources */ = {isa = PBXBuildFile; fileRef = 9EF84E571635515200EF797A /* Default.png */; };
		9EF84E5A1635515200EF797A /* Default@2x.png in Resources */ = {isa = PBXBuildFile; fileRef = 9EF84E591635515200EF797A /* Default@2x.png */; };
		9EF84E5C1635515200EF797A /* Default-568h@2x.png in Resources */ = {isa = PBXBuildFile; fileRef = 9EF84E5B1635515200EF797A /* Default-568h@2x.png */; };
		9EF84E5F1635515200EF797A /* CGViewController.m in Sources */ = {isa = PBXBuildFile; fileRef = 9EF84E5E1635515200EF797A /* CGViewController.m */; };
		9EF84E621635515200EF797A /* CGViewController.xib in Resources */ = {isa = PBXBuildFile; fileRef = 9EF84E601635515200EF797A /* CGViewController.xib */; };
		9EF84E6A1635906300EF797A /* City.m in Sources */ = {isa = PBXBuildFile; fileRef = 9EF84E691635906300EF797A /* City.m */; };
		9EF84E6C163594D400EF797A /* Madrid.jpg in Resources */ = {isa = PBXBuildFile; fileRef = 9EF84E6B163594D400EF797A /* Madrid.jpg */; };
		9EF84E6F163594E400EF797A /* Sanfrancisco.jpg in Resources */ = {isa = PBXBuildFile; fileRef = 9EF84E6D163594E400EF797A /* Sanfrancisco.jpg */; };
		9EF84E70163594E400EF797A /* Sydney.jpg in Resources */ = {isa = PBXBuildFile; fileRef = 9EF84E6E163594E400EF797A /* Sydney.jpg */; };
		9EF84E741635A86300EF797A /* CityController.m in Sources */ = {isa = PBXBuildFile; fileRef = 9EF84E721635A86300EF797A /* CityController.m */; };
		9EF84E751635A86300EF797A /* CityController.xib in Resources */ = {isa = PBXBuildFile; fileRef = 9EF84E731635A86300EF797A /* CityController.xib */; };
/* End PBXBuildFile section */

/* Begin PBXFileReference section */
		9E9DEF3E1637F5600062064E /* AddCityController.h */ = {isa = PBXFileReference; fileEncoding = 4; lastKnownFileType = sourcecode.c.h; path = AddCityController.h; sourceTree = "<group>"; };
		9E9DEF3F1637F5600062064E /* AddCityController.m */ = {isa = PBXFileReference; fileEncoding = 4; lastKnownFileType = sourcecode.c.objc; path = AddCityController.m; sourceTree = "<group>"; };
		9E9DEF401637F5600062064E /* AddCityController.xib */ = {isa = PBXFileReference; fileEncoding = 4; lastKnownFileType = file.xib; path = AddCityController.xib; sourceTree = "<group>"; };
		9EF84E411635515200EF797A /* CityGuide.app */ = {isa = PBXFileReference; explicitFileType = wrapper.application; includeInIndex = 0; path = CityGuide.app; sourceTree = BUILT_PRODUCTS_DIR; };
		9EF84E451635515200EF797A /* UIKit.framework */ = {isa = PBXFileReference; lastKnownFileType = wrapper.framework; name = UIKit.framework; path = System/Library/Frameworks/UIKit.framework; sourceTree = SDKROOT; };
		9EF84E471635515200EF797A /* Foundation.framework */ = {isa = PBXFileReference; lastKnownFileType = wrapper.framework; name = Foundation.framework; path = System/Library/Frameworks/Foundation.framework; sourceTree = SDKROOT; };
		9EF84E491635515200EF797A /* CoreGraphics.framework */ = {isa = PBXFileReference; lastKnownFileType = wrapper.framework; name = CoreGraphics.framework; path = System/Library/Frameworks/CoreGraphics.framework; sourceTree = SDKROOT; };
		9EF84E4D1635515200EF797A /* CityGuide-Info.plist */ = {isa = PBXFileReference; lastKnownFileType = text.plist.xml; path = "CityGuide-Info.plist"; sourceTree = "<group>"; };
		9EF84E4F1635515200EF797A /* en */ = {isa = PBXFileReference; lastKnownFileType = text.plist.strings; name = en; path = en.lproj/InfoPlist.strings; sourceTree = "<group>"; };
		9EF84E511635515200EF797A /* main.m */ = {isa = PBXFileReference; lastKnownFileType = sourcecode.c.objc; path = main.m; sourceTree = "<group>"; };
		9EF84E531635515200EF797A /* CityGuide-Prefix.pch */ = {isa = PBXFileReference; lastKnownFileType = sourcecode.c.h; path = "CityGuide-Prefix.pch"; sourceTree = "<group>"; };
		9EF84E541635515200EF797A /* CGAppDelegate.h */ = {isa = PBXFileReference; lastKnownFileType = sourcecode.c.h; path = CGAppDelegate.h; sourceTree = "<group>"; };
		9EF84E551635515200EF797A /* CGAppDelegate.m */ = {isa = PBXFileReference; lastKnownFileType = sourcecode.c.objc; path = CGAppDelegate.m; sourceTree = "<group>"; };
		9EF84E571635515200EF797A /* Default.png */ = {isa = PBXFileReference; lastKnownFileType = image.png; path = Default.png; sourceTree = "<group>"; };
		9EF84E591635515200EF797A /* Default@2x.png */ = {isa = PBXFileReference; lastKnownFileType = image.png; path = "Default@2x.png"; sourceTree = "<group>"; };
		9EF84E5B1635515200EF797A /* Default-568h@2x.png */ = {isa = PBXFileReference; lastKnownFileType = image.png; path = "Default-568h@2x.png"; sourceTree = "<group>"; };
		9EF84E5D1635515200EF797A /* CGViewController.h */ = {isa = PBXFileReference; lastKnownFileType = sourcecode.c.h; path = CGViewController.h; sourceTree = "<group>"; };
		9EF84E5E1635515200EF797A /* CGViewController.m */ = {isa = PBXFileReference; lastKnownFileType = sourcecode.c.objc; path = CGViewController.m; sourceTree = "<group>"; };
		9EF84E611635515200EF797A /* en */ = {isa = PBXFileReference; lastKnownFileType = file.xib; name = en; path = en.lproj/CGViewController.xib; sourceTree = "<group>"; };
		9EF84E681635906300EF797A /* City.h */ = {isa = PBXFileReference; fileEncoding = 4; lastKnownFileType = sourcecode.c.h; path = City.h; sourceTree = "<group>"; };
		9EF84E691635906300EF797A /* City.m */ = {isa = PBXFileReference; fileEncoding = 4; lastKnownFileType = sourcecode.c.objc; path = City.m; sourceTree = "<group>"; };
		9EF84E6B163594D400EF797A /* Madrid.jpg */ = {isa = PBXFileReference; lastKnownFileType = image.jpeg; path = Madrid.jpg; sourceTree = "<group>"; };
		9EF84E6D163594E400EF797A /* Sanfrancisco.jpg */ = {isa = PBXFileReference; lastKnownFileType = image.jpeg; path = Sanfrancisco.jpg; sourceTree = "<group>"; };
		9EF84E6E163594E400EF797A /* Sydney.jpg */ = {isa = PBXFileReference; lastKnownFileType = image.jpeg; path = Sydney.jpg; sourceTree = "<group>"; };
		9EF84E711635A86300EF797A /* CityController.h */ = {isa = PBXFileReference; fileEncoding = 4; lastKnownFileType = sourcecode.c.h; path = CityController.h; sourceTree = "<group>"; };
		9EF84E721635A86300EF797A /* CityController.m */ = {isa = PBXFileReference; fileEncoding = 4; lastKnownFileType = sourcecode.c.objc; path = CityController.m; sourceTree = "<group>"; };
		9EF84E731635A86300EF797A /* CityController.xib */ = {isa = PBXFileReference; fileEncoding = 4; lastKnownFileType = file.xib; path = CityController.xib; sourceTree = "<group>"; };
/* End PBXFileReference section */

/* Begin PBXFrameworksBuildPhase section */
		9EF84E3E1635515200EF797A /* Frameworks */ = {
			isa = PBXFrameworksBuildPhase;
			buildActionMask = 2147483647;
			files = (
				9EF84E461635515200EF797A /* UIKit.framework in Frameworks */,
				9EF84E481635515200EF797A /* Foundation.framework in Frameworks */,
				9EF84E4A1635515200EF797A /* CoreGraphics.framework in Frameworks */,
			);
			runOnlyForDeploymentPostprocessing = 0;
		};
/* End PBXFrameworksBuildPhase section */

/* Begin PBXGroup section */
		9EF84E361635515200EF797A = {
			isa = PBXGroup;
			children = (
				9EF84E4B1635515200EF797A /* CityGuide */,
				9EF84E441635515200EF797A /* Frameworks */,
				9EF84E421635515200EF797A /* Products */,
			);
			sourceTree = "<group>";
		};
		9EF84E421635515200EF797A /* Products */ = {
			isa = PBXGroup;
			children = (
				9EF84E411635515200EF797A /* CityGuide.app */,
			);
			name = Products;
			sourceTree = "<group>";
		};
		9EF84E441635515200EF797A /* Frameworks */ = {
			isa = PBXGroup;
			children = (
				9EF84E451635515200EF797A /* UIKit.framework */,
				9EF84E471635515200EF797A /* Foundation.framework */,
				9EF84E491635515200EF797A /* CoreGraphics.framework */,
			);
			name = Frameworks;
			sourceTree = "<group>";
		};
		9EF84E4B1635515200EF797A /* CityGuide */ = {
			isa = PBXGroup;
			children = (
				9EF84E541635515200EF797A /* CGAppDelegate.h */,
				9EF84E551635515200EF797A /* CGAppDelegate.m */,
				9EF84E5D1635515200EF797A /* CGViewController.h */,
				9EF84E5E1635515200EF797A /* CGViewController.m */,
				9EF84E601635515200EF797A /* CGViewController.xib */,
				9EF84E4C1635515200EF797A /* Supporting Files */,
				9EF84E681635906300EF797A /* City.h */,
				9EF84E691635906300EF797A /* City.m */,
				9EF84E711635A86300EF797A /* CityController.h */,
				9EF84E721635A86300EF797A /* CityController.m */,
				9EF84E731635A86300EF797A /* CityController.xib */,
				9E9DEF3E1637F5600062064E /* AddCityController.h */,
				9E9DEF3F1637F5600062064E /* AddCityController.m */,
				9E9DEF401637F5600062064E /* AddCityController.xib */,
			);
			path = CityGuide;
			sourceTree = "<group>";
		};
		9EF84E4C1635515200EF797A /* Supporting Files */ = {
			isa = PBXGroup;
			children = (
				9EF84E6D163594E400EF797A /* Sanfrancisco.jpg */,
				9EF84E6E163594E400EF797A /* Sydney.jpg */,
				9EF84E6B163594D400EF797A /* Madrid.jpg */,
				9EF84E4D1635515200EF797A /* CityGuide-Info.plist */,
				9EF84E4E1635515200EF797A /* InfoPlist.strings */,
				9EF84E511635515200EF797A /* main.m */,
				9EF84E531635515200EF797A /* CityGuide-Prefix.pch */,
				9EF84E571635515200EF797A /* Default.png */,
				9EF84E591635515200EF797A /* Default@2x.png */,
				9EF84E5B1635515200EF797A /* Default-568h@2x.png */,
			);
			name = "Supporting Files";
			sourceTree = "<group>";
		};
/* End PBXGroup section */

/* Begin PBXNativeTarget section */
		9EF84E401635515200EF797A /* CityGuide */ = {
			isa = PBXNativeTarget;
			buildConfigurationList = 9EF84E651635515200EF797A /* Build configuration list for PBXNativeTarget "CityGuide" */;
			buildPhases = (
				9EF84E3D1635515200EF797A /* Sources */,
				9EF84E3E1635515200EF797A /* Frameworks */,
				9EF84E3F1635515200EF797A /* Resources */,
			);
			buildRules = (
			);
			dependencies = (
			);
			name = CityGuide;
			productName = CityGuide;
			productReference = 9EF84E411635515200EF797A /* CityGuide.app */;
			productType = "com.apple.product-type.application";
		};
/* End PBXNativeTarget section */

/* Begin PBXProject section */
		9EF84E381635515200EF797A /* Project object */ = {
			isa = PBXProject;
			attributes = {
				CLASSPREFIX = CG;
				LastUpgradeCheck = 0450;
				ORGANIZATIONNAME = "Gerardo Barcia Palacios";
			};
			buildConfigurationList = 9EF84E3B1635515200EF797A /* Build configuration list for PBXProject "CityGuide" */;
			compatibilityVersion = "Xcode 3.2";
			developmentRegion = English;
			hasScannedForEncodings = 0;
			knownRegions = (
				en,
			);
			mainGroup = 9EF84E361635515200EF797A;
			productRefGroup = 9EF84E421635515200EF797A /* Products */;
			projectDirPath = "";
			projectRoot = "";
			targets = (
				9EF84E401635515200EF797A /* CityGuide */,
			);
		};
/* End PBXProject section */

/* Begin PBXResourcesBuildPhase section */
		9EF84E3F1635515200EF797A /* Resources */ = {
			isa = PBXResourcesBuildPhase;
			buildActionMask = 2147483647;
			files = (
				9EF84E501635515200EF797A /* InfoPlist.strings in Resources */,
				9EF84E581635515200EF797A /* Default.png in Resources */,
				9EF84E5A1635515200EF797A /* Default@2x.png in Resources */,
				9EF84E5C1635515200EF797A /* Default-568h@2x.png in Resources */,
				9EF84E621635515200EF797A /* CGViewController.xib in Resources */,
				9EF84E6C163594D400EF797A /* Madrid.jpg in Resources */,
				9EF84E6F163594E400EF797A /* Sanfrancisco.jpg in Resources */,
				9EF84E70163594E400EF797A /* Sydney.jpg in Resources */,
				9EF84E751635A86300EF797A /* CityController.xib in Resources */,
				9E9DEF421637F5600062064E /* AddCityController.xib in Resources */,
			);
			runOnlyForDeploymentPostprocessing = 0;
		};
/* End PBXResourcesBuildPhase section */

/* Begin PBXSourcesBuildPhase section */
		9EF84E3D1635515200EF797A /* Sources */ = {
			isa = PBXSourcesBuildPhase;
			buildActionMask = 2147483647;
			files = (
				9EF84E521635515200EF797A /* main.m in Sources */,
				9EF84E561635515200EF797A /* CGAppDelegate.m in Sources */,
				9EF84E5F1635515200EF797A /* CGViewController.m in Sources */,
				9EF84E6A1635906300EF797A /* City.m in Sources */,
				9EF84E741635A86300EF797A /* CityController.m in Sources */,
				9E9DEF411637F5600062064E /* AddCityController.m in Sources */,
			);
			runOnlyForDeploymentPostprocessing = 0;
		};
/* End PBXSourcesBuildPhase section */

/* Begin PBXVariantGroup section */
		9EF84E4E1635515200EF797A /* InfoPlist.strings */ = {
			isa = PBXVariantGroup;
			children = (
				9EF84E4F1635515200EF797A /* en */,
			);
			name = InfoPlist.strings;
			sourceTree = "<group>";
		};
		9EF84E601635515200EF797A /* CGViewController.xib */ = {
			isa = PBXVariantGroup;
			children = (
				9EF84E611635515200EF797A /* en */,
			);
			name = CGViewController.xib;
			sourceTree = "<group>";
		};
/* End PBXVariantGroup section */

/* Begin XCBuildConfiguration section */
		9EF84E631635515200EF797A /* Debug */ = {
			isa = XCBuildConfiguration;
			buildSettings = {
				ALWAYS_SEARCH_USER_PATHS = NO;
				CLANG_CXX_LANGUAGE_STANDARD = "gnu++0x";
				CLANG_CXX_LIBRARY = "libc++";
				CLANG_ENABLE_OBJC_ARC = YES;
				CLANG_WARN_EMPTY_BODY = YES;
				CLANG_WARN__DUPLICATE_METHOD_MATCH = YES;
				"CODE_SIGN_IDENTITY[sdk=iphoneos*]" = "iPhone Developer";
				COPY_PHASE_STRIP = NO;
				GCC_C_LANGUAGE_STANDARD = gnu99;
				GCC_DYNAMIC_NO_PIC = NO;
				GCC_OPTIMIZATION_LEVEL = 0;
				GCC_PREPROCESSOR_DEFINITIONS = (
					"DEBUG=1",
					"$(inherited)",
				);
				GCC_SYMBOLS_PRIVATE_EXTERN = NO;
				GCC_WARN_ABOUT_RETURN_TYPE = YES;
				GCC_WARN_UNINITIALIZED_AUTOS = YES;
				GCC_WARN_UNUSED_VARIABLE = YES;
				IPHONEOS_DEPLOYMENT_TARGET = 6.0;
				ONLY_ACTIVE_ARCH = YES;
				SDKROOT = iphoneos;
			};
			name = Debug;
		};
		9EF84E641635515200EF797A /* Release */ = {
			isa = XCBuildConfiguration;
			buildSettings = {
				ALWAYS_SEARCH_USER_PATHS = NO;
				CLANG_CXX_LANGUAGE_STANDARD = "gnu++0x";
				CLANG_CXX_LIBRARY = "libc++";
				CLANG_ENABLE_OBJC_ARC = YES;
				CLANG_WARN_EMPTY_BODY = YES;
				CLANG_WARN__DUPLICATE_METHOD_MATCH = YES;
				"CODE_SIGN_IDENTITY[sdk=iphoneos*]" = "iPhone Developer";
				COPY_PHASE_STRIP = YES;
				GCC_C_LANGUAGE_STANDARD = gnu99;
				GCC_WARN_ABOUT_RETURN_TYPE = YES;
				GCC_WARN_UNINITIALIZED_AUTOS = YES;
				GCC_WARN_UNUSED_VARIABLE = YES;
				IPHONEOS_DEPLOYMENT_TARGET = 6.0;
				OTHER_CFLAGS = "-DNS_BLOCK_ASSERTIONS=1";
				SDKROOT = iphoneos;
				VALIDATE_PRODUCT = YES;
			};
			name = Release;
		};
		9EF84E661635515200EF797A /* Debug */ = {
			isa = XCBuildConfiguration;
			buildSettings = {
				GCC_PRECOMPILE_PREFIX_HEADER = YES;
				GCC_PREFIX_HEADER = "CityGuide/CityGuide-Prefix.pch";
				INFOPLIST_FILE = "CityGuide/CityGuide-Info.plist";
				PRODUCT_NAME = "$(TARGET_NAME)";
				WRAPPER_EXTENSION = app;
			};
			name = Debug;
		};
		9EF84E671635515200EF797A /* Release */ = {
			isa = XCBuildConfiguration;
			buildSettings = {
				GCC_PRECOMPILE_PREFIX_HEADER = YES;
				GCC_PREFIX_HEADER = "CityGuide/CityGuide-Prefix.pch";
				INFOPLIST_FILE = "CityGuide/CityGuide-Info.plist";
				PRODUCT_NAME = "$(TARGET_NAME)";
				WRAPPER_EXTENSION = app;
			};
			name = Release;
		};
/* End XCBuildConfiguration section */

/* Begin XCConfigurationList section */
		9EF84E3B1635515200EF797A /* Build configuration list for PBXProject "CityGuide" */ = {
			isa = XCConfigurationList;
			buildConfigurations = (
				9EF84E631635515200EF797A /* Debug */,
				9EF84E641635515200EF797A /* Release */,
			);
			defaultConfigurationIsVisible = 0;
			defaultConfigurationName = Release;
		};
		9EF84E651635515200EF797A /* Build configuration list for PBXNativeTarget "CityGuide" */ = {
			isa = XCConfigurationList;
			buildConfigurations = (
				9EF84E661635515200EF797A /* Debug */,
				9EF84E671635515200EF797A /* Release */,
			);
			defaultConfigurationIsVisible = 0;
			defaultConfigurationName = Release;
		};
/* End XCConfigurationList section */
	};
	rootObject = 9EF84E381635515200EF797A /* Project object */;
}
